schema: '2.0'
stages:
  load_data:
    cmd: python src/load_data.py --config=params.yaml
    deps:
    - path: source_data/winequality.csv
      md5: ccc8d3507eb151f53f760d36abdef888
      size: 91998
    - path: src/get_data.py
      md5: b773af9b5cb4fa662e711650234bb7e8
      size: 712
    - path: src/load_data.py
      md5: 2d2570806ae5ee6b0f3f19b661c68780
      size: 722
    outs:
    - path: data/raw/winequality.csv
      md5: d98e8f2eca228c11c4de1cc96866a54d
      size: 93598
