schema: '2.0'
stages:
  load_data:
    cmd: c:/ProgramData/Miniconda3/envs/mlops/python.exe src/load_data.py --config=params.yaml
    deps:
    - path: source_data/winequality.csv
      md5: ccc8d3507eb151f53f760d36abdef888
      size: 91998
    - path: src/get_data.py
      md5: 377738b76af5bf9b3e5871a83d3bc61e
      size: 743
    - path: src/load_data.py
      md5: 2454b557c1f03e746f48d51fa53562b9
      size: 753
    outs:
    - path: data/raw/winequality.csv
      md5: dcb9f7736a81b73cf4cf803b5ef3f07e
      size: 102550
  split_data:
    cmd: c:/ProgramData/Miniconda3/envs/mlops/python.exe src/split_data.py --config=params.yaml
    deps:
    - path: data/raw/winequality.csv
      md5: dcb9f7736a81b73cf4cf803b5ef3f07e
      size: 102550
    - path: src/split_data.py
      md5: 3da0d56a4a1d7cb6fd2e8a4e19026a79
      size: 1077
    outs:
    - path: data/processed/test_winequality.csv
      md5: a88453debe849a65c51b580e55bd6772
      size: 24502
    - path: data/processed/train_winequality.csv
      md5: ad27bfbc52d57511282ff7440f333377
      size: 72265
  train_and_evaluate:
    cmd: c:/ProgramData/Miniconda3/envs/mlops/python.exe src/train_and_evaluate.py
      --config=params.yaml
    deps:
    - path: data/processed/test_winequality.csv
      md5: a88453debe849a65c51b580e55bd6772
      size: 24502
    - path: data/processed/train_winequality.csv
      md5: ad27bfbc52d57511282ff7440f333377
      size: 72265
    - path: src/train_and_evaluate.py
      md5: ecfb0cd10d6a6ea568b092676755190d
      size: 3832
    params:
      params.yaml:
        estimators.ElasticNet.params.alpha: 0.88
        estimators.ElasticNet.params.l1_ratio: 0.89
    outs:
    - path: report/params.json
      md5: 0568f34313ba7c5e55128b75dbcbee5c
      size: 46
    - path: report/scores.json
      md5: e7f93d551d3ca11eda423e7e9d6246fc
      size: 99
    - path: saved_models/model.joblib
      md5: f453274e4728dc1e9b58c8ee64406930
      size: 1406
